
Microsoft Visual Studio Solution File, Format Version 12.00
# Visual Studio Version 16
VisualStudioVersion = 16.0.31829.152
MinimumVisualStudioVersion = 10.0.40219.1
Project("{FAE04EC0-301F-11D3-BF4B-00C04F79EFBC}") = "CopyGroupPlugin", "CopyGroupPlugin\CopyGroupPlugin.csproj", "{B6FDA7BF-2315-433E-AE27-A326A3903FB9}"
EndProject
Global
	GlobalSection(SolutionConfigurationPlatforms) = preSolution
		Debug|Any CPU = Debug|Any CPU
		Release|Any CPU = Release|Any CPU
	EndGlobalSection
	GlobalSection(ProjectConfigurationPlatforms) = postSolution
		{B6FDA7BF-2315-433E-AE27-A326A3903FB9}.Debug|Any CPU.ActiveCfg = Debug|Any CPU
		{B6FDA7BF-2315-433E-AE27-A326A3903FB9}.Debug|Any CPU.Build.0 = Debug|Any CPU
		{B6FDA7BF-2315-433E-AE27-A326A3903FB9}.Release|Any CPU.ActiveCfg = Release|Any CPU
		{B6FDA7BF-2315-433E-AE27-A326A3903FB9}.Release|Any CPU.Build.0 = Release|Any CPU
	EndGlobalSection
	GlobalSection(SolutionProperties) = preSolution
		HideSolutionNode = FALSE
	EndGlobalSection
	GlobalSection(ExtensibilityGlobals) = postSolution
		SolutionGuid = {2EF3D510-7E91-4479-A7FD-DF34DF7C2D59}
	EndGlobalSection
EndGlobal
